<?xml version="1.0" encoding="utf-8"?>
<Project ToolsVersion="4.0" xmlns="http://schemas.microsoft.com/developer/msbuild/2003">
  <ItemGroup>
    <ClInclude Include="SceneObjectMotionState.h" />
    <ClInclude Include="PhysicalSystem.h" />
    <ClInclude Include="RigidBody.h" />
    <ClInclude Include="SphericalRigidBody.h" />
    <ClInclude Include="StaticPlaneRigidBody.h" />
    <ClInclude Include="ConvexHullShape.h" />
    <ClInclude Include="BoundingBoxShape.h" />
    <ClInclude Include="Heightmap.h" />
    <ClInclude Include="DebugDrawEngine.h" />
    <ClInclude Include="BoundingCylinderShape.h" />
    <ClInclude Include="MathsConversions.h" />
  </ItemGroup>
  <ItemGroup>
    <ClCompile Include="SceneObjectMotionState.cpp" />
    <ClCompile Include="PhysicalSystem.cpp" />
    <ClCompile Include="RigidBody.cpp" />
    <ClCompile Include="ConvexHullShape.cpp" />
    <ClCompile Include="BoundingBoxShape.cpp" />
    <ClCompile Include="Heightmap.cpp" />
    <ClCompile Include="DebugDrawEngine.cpp" />
    <ClCompile Include="BoundingCylinderShape.cpp" />
  </ItemGroup>
</Project>