
Microsoft Visual Studio Solution File, Format Version 12.00
# Visual Studio Express 2013 for Windows Desktop
VisualStudioVersion = 12.0.31101.0
MinimumVisualStudioVersion = 10.0.40219.1
Project("{8BC9CEB8-8B4A-11D0-8D11-00A0C91BC942}") = "GameDev_Demo", "GameDev_Demo\GameDev_Demo.vcxproj", "{4F6104E8-AC92-4DED-AB32-7BD100B04761}"
	ProjectSection(ProjectDependencies) = postProject
		{9A0AC220-38BE-4509-A118-AED58284B9B5} = {9A0AC220-38BE-4509-A118-AED58284B9B5}
		{F9960B61-EE73-404A-ACEE-1F553EFA8087} = {F9960B61-EE73-404A-ACEE-1F553EFA8087}
		{10914E89-A90B-44ED-A316-93807DFF6588} = {10914E89-A90B-44ED-A316-93807DFF6588}
		{ED213797-22E5-4B35-903F-E18511D137DA} = {ED213797-22E5-4B35-903F-E18511D137DA}
		{FC01AF98-DB79-4D0F-A15D-701E111D0A16} = {FC01AF98-DB79-4D0F-A15D-701E111D0A16}
		{4677AB9E-0A72-472B-A41B-196920CBBC79} = {4677AB9E-0A72-472B-A41B-196920CBBC79}
		{D96B8AA3-168E-47C4-B676-866BA74EF9DF} = {D96B8AA3-168E-47C4-B676-866BA74EF9DF}
		{56842BDD-E5B4-4286-BE60-9F5BDECA7D78} = {56842BDD-E5B4-4286-BE60-9F5BDECA7D78}
	EndProjectSection
EndProject
Project("{8BC9CEB8-8B4A-11D0-8D11-00A0C91BC942}") = "Engine_Common", "Engine_Common\Engine_Common.vcxproj", "{56842BDD-E5B4-4286-BE60-9F5BDECA7D78}"
	ProjectSection(ProjectDependencies) = postProject
		{BD31DE21-9D98-4326-B57F-52F3BEBE4623} = {BD31DE21-9D98-4326-B57F-52F3BEBE4623}
		{4677AB9E-0A72-472B-A41B-196920CBBC79} = {4677AB9E-0A72-472B-A41B-196920CBBC79}
		{D96B8AA3-168E-47C4-B676-866BA74EF9DF} = {D96B8AA3-168E-47C4-B676-866BA74EF9DF}
		{350302AA-1DBE-4425-8B10-47C8D0423EEC} = {350302AA-1DBE-4425-8B10-47C8D0423EEC}
	EndProjectSection
EndProject
Project("{8BC9CEB8-8B4A-11D0-8D11-00A0C91BC942}") = "Engine_Graphics", "Engine_Graphics\Engine_Graphics.vcxproj", "{FC01AF98-DB79-4D0F-A15D-701E111D0A16}"
	ProjectSection(ProjectDependencies) = postProject
		{5F82BF85-EDED-478A-B3C9-ED1975F90B6F} = {5F82BF85-EDED-478A-B3C9-ED1975F90B6F}
		{4677AB9E-0A72-472B-A41B-196920CBBC79} = {4677AB9E-0A72-472B-A41B-196920CBBC79}
		{D96B8AA3-168E-47C4-B676-866BA74EF9DF} = {D96B8AA3-168E-47C4-B676-866BA74EF9DF}
		{56842BDD-E5B4-4286-BE60-9F5BDECA7D78} = {56842BDD-E5B4-4286-BE60-9F5BDECA7D78}
	EndProjectSection
EndProject
Project("{8BC9CEB8-8B4A-11D0-8D11-00A0C91BC942}") = "Engine_IO", "Engine_IO\Engine_IO.vcxproj", "{350302AA-1DBE-4425-8B10-47C8D0423EEC}"
EndProject
Project("{8BC9CEB8-8B4A-11D0-8D11-00A0C91BC942}") = "Engine_Maths_Test", "Engine_Maths_Test\Engine_Maths_Test.vcxproj", "{F0E9BBF3-AE29-4CE3-B2E3-A509D832D9B5}"
	ProjectSection(ProjectDependencies) = postProject
		{4677AB9E-0A72-472B-A41B-196920CBBC79} = {4677AB9E-0A72-472B-A41B-196920CBBC79}
	EndProjectSection
EndProject
Project("{8BC9CEB8-8B4A-11D0-8D11-00A0C91BC942}") = "Engine_Maths", "Engine_Maths\Engine_Maths.vcxproj", "{4677AB9E-0A72-472B-A41B-196920CBBC79}"
EndProject
Project("{8BC9CEB8-8B4A-11D0-8D11-00A0C91BC942}") = "Engine_Physics", "Engine_Physics\Engine_Physics.vcxproj", "{ED213797-22E5-4B35-903F-E18511D137DA}"
	ProjectSection(ProjectDependencies) = postProject
		{4677AB9E-0A72-472B-A41B-196920CBBC79} = {4677AB9E-0A72-472B-A41B-196920CBBC79}
		{D96B8AA3-168E-47C4-B676-866BA74EF9DF} = {D96B8AA3-168E-47C4-B676-866BA74EF9DF}
		{56842BDD-E5B4-4286-BE60-9F5BDECA7D78} = {56842BDD-E5B4-4286-BE60-9F5BDECA7D78}
	EndProjectSection
EndProject
Project("{8BC9CEB8-8B4A-11D0-8D11-00A0C91BC942}") = "Engine_Utility", "Engine_Utility\Engine_Utility.vcxproj", "{5F82BF85-EDED-478A-B3C9-ED1975F90B6F}"
EndProject
Project("{8BC9CEB8-8B4A-11D0-8D11-00A0C91BC942}") = "Simulation_Calculator", "Simulation_Calculator\Simulation_Calculator.vcxproj", "{EA5EC09A-A51D-4BD2-844A-D1941D4C0F72}"
	ProjectSection(ProjectDependencies) = postProject
		{5F82BF85-EDED-478A-B3C9-ED1975F90B6F} = {5F82BF85-EDED-478A-B3C9-ED1975F90B6F}
		{FC01AF98-DB79-4D0F-A15D-701E111D0A16} = {FC01AF98-DB79-4D0F-A15D-701E111D0A16}
		{4677AB9E-0A72-472B-A41B-196920CBBC79} = {4677AB9E-0A72-472B-A41B-196920CBBC79}
		{56842BDD-E5B4-4286-BE60-9F5BDECA7D78} = {56842BDD-E5B4-4286-BE60-9F5BDECA7D78}
		{CED8A1EC-2C1C-4A0F-AAFD-253C4E6933B5} = {CED8A1EC-2C1C-4A0F-AAFD-253C4E6933B5}
	EndProjectSection
EndProject
Project("{8BC9CEB8-8B4A-11D0-8D11-00A0C91BC942}") = "Simulation_Physics", "Simulation_Physics\Simulation_Physics.vcxproj", "{CED8A1EC-2C1C-4A0F-AAFD-253C4E6933B5}"
	ProjectSection(ProjectDependencies) = postProject
		{4677AB9E-0A72-472B-A41B-196920CBBC79} = {4677AB9E-0A72-472B-A41B-196920CBBC79}
	EndProjectSection
EndProject
Project("{8BC9CEB8-8B4A-11D0-8D11-00A0C91BC942}") = "Simulation_Snooker", "Simulation_Snooker\Simulation_Snooker.vcxproj", "{3F9742EB-8600-4A1A-822E-DBED6BEB1AAD}"
	ProjectSection(ProjectDependencies) = postProject
		{9A0AC220-38BE-4509-A118-AED58284B9B5} = {9A0AC220-38BE-4509-A118-AED58284B9B5}
		{698AB558-D09D-4E92-B0BD-727E0C99387E} = {698AB558-D09D-4E92-B0BD-727E0C99387E}
		{F9960B61-EE73-404A-ACEE-1F553EFA8087} = {F9960B61-EE73-404A-ACEE-1F553EFA8087}
		{5F82BF85-EDED-478A-B3C9-ED1975F90B6F} = {5F82BF85-EDED-478A-B3C9-ED1975F90B6F}
		{FC01AF98-DB79-4D0F-A15D-701E111D0A16} = {FC01AF98-DB79-4D0F-A15D-701E111D0A16}
		{4677AB9E-0A72-472B-A41B-196920CBBC79} = {4677AB9E-0A72-472B-A41B-196920CBBC79}
		{56842BDD-E5B4-4286-BE60-9F5BDECA7D78} = {56842BDD-E5B4-4286-BE60-9F5BDECA7D78}
		{CED8A1EC-2C1C-4A0F-AAFD-253C4E6933B5} = {CED8A1EC-2C1C-4A0F-AAFD-253C4E6933B5}
	EndProjectSection
EndProject
Project("{8BC9CEB8-8B4A-11D0-8D11-00A0C91BC942}") = "Engine_Audio", "Engine_Audio\Engine_Audio.vcxproj", "{10914E89-A90B-44ED-A316-93807DFF6588}"
	ProjectSection(ProjectDependencies) = postProject
		{4677AB9E-0A72-472B-A41B-196920CBBC79} = {4677AB9E-0A72-472B-A41B-196920CBBC79}
		{D96B8AA3-168E-47C4-B676-866BA74EF9DF} = {D96B8AA3-168E-47C4-B676-866BA74EF9DF}
		{56842BDD-E5B4-4286-BE60-9F5BDECA7D78} = {56842BDD-E5B4-4286-BE60-9F5BDECA7D78}
	EndProjectSection
EndProject
Project("{8BC9CEB8-8B4A-11D0-8D11-00A0C91BC942}") = "Engine_Input", "Engine_Input\Engine_Input.vcxproj", "{9A0AC220-38BE-4509-A118-AED58284B9B5}"
	ProjectSection(ProjectDependencies) = postProject
		{56842BDD-E5B4-4286-BE60-9F5BDECA7D78} = {56842BDD-E5B4-4286-BE60-9F5BDECA7D78}
	EndProjectSection
EndProject
Project("{8BC9CEB8-8B4A-11D0-8D11-00A0C91BC942}") = "Engine_IO_Test", "Engine_IO_Test\Engine_IO_Test.vcxproj", "{69CEB299-7F50-4E49-A72E-A9EDCE3805F6}"
	ProjectSection(ProjectDependencies) = postProject
		{350302AA-1DBE-4425-8B10-47C8D0423EEC} = {350302AA-1DBE-4425-8B10-47C8D0423EEC}
	EndProjectSection
EndProject
Project("{8BC9CEB8-8B4A-11D0-8D11-00A0C91BC942}") = "Simulation_AI", "Simulation_AI\Simulation_AI.vcxproj", "{698AB558-D09D-4E92-B0BD-727E0C99387E}"
	ProjectSection(ProjectDependencies) = postProject
		{5F82BF85-EDED-478A-B3C9-ED1975F90B6F} = {5F82BF85-EDED-478A-B3C9-ED1975F90B6F}
	EndProjectSection
EndProject
Project("{8BC9CEB8-8B4A-11D0-8D11-00A0C91BC942}") = "Engine_UIMenu", "Engine_UIMenu\Engine_UIMenu.vcxproj", "{F9960B61-EE73-404A-ACEE-1F553EFA8087}"
	ProjectSection(ProjectDependencies) = postProject
		{5F82BF85-EDED-478A-B3C9-ED1975F90B6F} = {5F82BF85-EDED-478A-B3C9-ED1975F90B6F}
		{FC01AF98-DB79-4D0F-A15D-701E111D0A16} = {FC01AF98-DB79-4D0F-A15D-701E111D0A16}
		{4677AB9E-0A72-472B-A41B-196920CBBC79} = {4677AB9E-0A72-472B-A41B-196920CBBC79}
		{56842BDD-E5B4-4286-BE60-9F5BDECA7D78} = {56842BDD-E5B4-4286-BE60-9F5BDECA7D78}
	EndProjectSection
EndProject
Project("{8BC9CEB8-8B4A-11D0-8D11-00A0C91BC942}") = "Engine_Utility_Test", "Engine_Utility_Test\Engine_Utility_Test.vcxproj", "{F0E88C11-1861-4C59-B1F1-193013989EC8}"
	ProjectSection(ProjectDependencies) = postProject
		{5F82BF85-EDED-478A-B3C9-ED1975F90B6F} = {5F82BF85-EDED-478A-B3C9-ED1975F90B6F}
	EndProjectSection
EndProject
Project("{8BC9CEB8-8B4A-11D0-8D11-00A0C91BC942}") = "Simulation_AI_Test", "Simulation_AI_Test\Simulation_AI_Test.vcxproj", "{992BF8AF-B00C-4535-B048-D826C8E56EA5}"
	ProjectSection(ProjectDependencies) = postProject
		{698AB558-D09D-4E92-B0BD-727E0C99387E} = {698AB558-D09D-4E92-B0BD-727E0C99387E}
	EndProjectSection
EndProject
Project("{8BC9CEB8-8B4A-11D0-8D11-00A0C91BC942}") = "Simulation_PathFinding", "Simulation_PathFinding\Simulation_PathFinding.vcxproj", "{3888A1A5-54B3-4D46-942F-D66670421D7B}"
	ProjectSection(ProjectDependencies) = postProject
		{4677AB9E-0A72-472B-A41B-196920CBBC79} = {4677AB9E-0A72-472B-A41B-196920CBBC79}
		{D96B8AA3-168E-47C4-B676-866BA74EF9DF} = {D96B8AA3-168E-47C4-B676-866BA74EF9DF}
	EndProjectSection
EndProject
Project("{8BC9CEB8-8B4A-11D0-8D11-00A0C91BC942}") = "Simulation_PathFinding_Test", "Simulation_PathFinding_Test\Simulation_PathFinding_Test.vcxproj", "{159E00FC-A41B-45A3-865C-9D8AD1009911}"
	ProjectSection(ProjectDependencies) = postProject
		{3888A1A5-54B3-4D46-942F-D66670421D7B} = {3888A1A5-54B3-4D46-942F-D66670421D7B}
	EndProjectSection
EndProject
Project("{8BC9CEB8-8B4A-11D0-8D11-00A0C91BC942}") = "Engine_Logging", "Engine_Logging\Engine_Logging.vcxproj", "{D96B8AA3-168E-47C4-B676-866BA74EF9DF}"
EndProject
Project("{8BC9CEB8-8B4A-11D0-8D11-00A0C91BC942}") = "Simulation_GraphicalPathFinder", "Simulation_GraphicalPathFinder\Simulation_GraphicalPathFinder.vcxproj", "{5344F9D7-375C-4739-856C-F66D04D18876}"
	ProjectSection(ProjectDependencies) = postProject
		{9A0AC220-38BE-4509-A118-AED58284B9B5} = {9A0AC220-38BE-4509-A118-AED58284B9B5}
		{FC01AF98-DB79-4D0F-A15D-701E111D0A16} = {FC01AF98-DB79-4D0F-A15D-701E111D0A16}
		{3888A1A5-54B3-4D46-942F-D66670421D7B} = {3888A1A5-54B3-4D46-942F-D66670421D7B}
		{56842BDD-E5B4-4286-BE60-9F5BDECA7D78} = {56842BDD-E5B4-4286-BE60-9F5BDECA7D78}
	EndProjectSection
EndProject
Project("{8BC9CEB8-8B4A-11D0-8D11-00A0C91BC942}") = "Engine_ResourceManagment", "Engine_ResourceManagment\Engine_ResourceManagment.vcxproj", "{BD31DE21-9D98-4326-B57F-52F3BEBE4623}"
EndProject
Project("{8BC9CEB8-8B4A-11D0-8D11-00A0C91BC942}") = "GameDev_FlightSim", "GameDev_FlightSim\GameDev_FlightSim.vcxproj", "{D7AD3802-5363-4FF1-8D51-03C5184EFB31}"
	ProjectSection(ProjectDependencies) = postProject
		{9A0AC220-38BE-4509-A118-AED58284B9B5} = {9A0AC220-38BE-4509-A118-AED58284B9B5}
		{BD31DE21-9D98-4326-B57F-52F3BEBE4623} = {BD31DE21-9D98-4326-B57F-52F3BEBE4623}
		{F9960B61-EE73-404A-ACEE-1F553EFA8087} = {F9960B61-EE73-404A-ACEE-1F553EFA8087}
		{5F82BF85-EDED-478A-B3C9-ED1975F90B6F} = {5F82BF85-EDED-478A-B3C9-ED1975F90B6F}
		{10914E89-A90B-44ED-A316-93807DFF6588} = {10914E89-A90B-44ED-A316-93807DFF6588}
		{ED213797-22E5-4B35-903F-E18511D137DA} = {ED213797-22E5-4B35-903F-E18511D137DA}
		{FC01AF98-DB79-4D0F-A15D-701E111D0A16} = {FC01AF98-DB79-4D0F-A15D-701E111D0A16}
		{4677AB9E-0A72-472B-A41B-196920CBBC79} = {4677AB9E-0A72-472B-A41B-196920CBBC79}
		{D96B8AA3-168E-47C4-B676-866BA74EF9DF} = {D96B8AA3-168E-47C4-B676-866BA74EF9DF}
		{350302AA-1DBE-4425-8B10-47C8D0423EEC} = {350302AA-1DBE-4425-8B10-47C8D0423EEC}
		{56842BDD-E5B4-4286-BE60-9F5BDECA7D78} = {56842BDD-E5B4-4286-BE60-9F5BDECA7D78}
	EndProjectSection
EndProject
Global
	GlobalSection(SolutionConfigurationPlatforms) = preSolution
		Debug|Win32 = Debug|Win32
		Debug|x64 = Debug|x64
		Release|Win32 = Release|Win32
		Release|x64 = Release|x64
	EndGlobalSection
	GlobalSection(ProjectConfigurationPlatforms) = postSolution
		{4F6104E8-AC92-4DED-AB32-7BD100B04761}.Debug|Win32.ActiveCfg = Debug|Win32
		{4F6104E8-AC92-4DED-AB32-7BD100B04761}.Debug|Win32.Build.0 = Debug|Win32
		{4F6104E8-AC92-4DED-AB32-7BD100B04761}.Debug|x64.ActiveCfg = Debug|x64
		{4F6104E8-AC92-4DED-AB32-7BD100B04761}.Debug|x64.Build.0 = Debug|x64
		{4F6104E8-AC92-4DED-AB32-7BD100B04761}.Release|Win32.ActiveCfg = Release|Win32
		{4F6104E8-AC92-4DED-AB32-7BD100B04761}.Release|Win32.Build.0 = Release|Win32
		{4F6104E8-AC92-4DED-AB32-7BD100B04761}.Release|x64.ActiveCfg = Release|x64
		{4F6104E8-AC92-4DED-AB32-7BD100B04761}.Release|x64.Build.0 = Release|x64
		{56842BDD-E5B4-4286-BE60-9F5BDECA7D78}.Debug|Win32.ActiveCfg = Debug|Win32
		{56842BDD-E5B4-4286-BE60-9F5BDECA7D78}.Debug|Win32.Build.0 = Debug|Win32
		{56842BDD-E5B4-4286-BE60-9F5BDECA7D78}.Debug|x64.ActiveCfg = Debug|x64
		{56842BDD-E5B4-4286-BE60-9F5BDECA7D78}.Debug|x64.Build.0 = Debug|x64
		{56842BDD-E5B4-4286-BE60-9F5BDECA7D78}.Release|Win32.ActiveCfg = Release|Win32
		{56842BDD-E5B4-4286-BE60-9F5BDECA7D78}.Release|Win32.Build.0 = Release|Win32
		{56842BDD-E5B4-4286-BE60-9F5BDECA7D78}.Release|x64.ActiveCfg = Release|x64
		{56842BDD-E5B4-4286-BE60-9F5BDECA7D78}.Release|x64.Build.0 = Release|x64
		{FC01AF98-DB79-4D0F-A15D-701E111D0A16}.Debug|Win32.ActiveCfg = Debug|Win32
		{FC01AF98-DB79-4D0F-A15D-701E111D0A16}.Debug|Win32.Build.0 = Debug|Win32
		{FC01AF98-DB79-4D0F-A15D-701E111D0A16}.Debug|x64.ActiveCfg = Debug|x64
		{FC01AF98-DB79-4D0F-A15D-701E111D0A16}.Debug|x64.Build.0 = Debug|x64
		{FC01AF98-DB79-4D0F-A15D-701E111D0A16}.Release|Win32.ActiveCfg = Release|Win32
		{FC01AF98-DB79-4D0F-A15D-701E111D0A16}.Release|Win32.Build.0 = Release|Win32
		{FC01AF98-DB79-4D0F-A15D-701E111D0A16}.Release|x64.ActiveCfg = Release|x64
		{FC01AF98-DB79-4D0F-A15D-701E111D0A16}.Release|x64.Build.0 = Release|x64
		{350302AA-1DBE-4425-8B10-47C8D0423EEC}.Debug|Win32.ActiveCfg = Debug|Win32
		{350302AA-1DBE-4425-8B10-47C8D0423EEC}.Debug|Win32.Build.0 = Debug|Win32
		{350302AA-1DBE-4425-8B10-47C8D0423EEC}.Debug|x64.ActiveCfg = Debug|x64
		{350302AA-1DBE-4425-8B10-47C8D0423EEC}.Debug|x64.Build.0 = Debug|x64
		{350302AA-1DBE-4425-8B10-47C8D0423EEC}.Release|Win32.ActiveCfg = Release|Win32
		{350302AA-1DBE-4425-8B10-47C8D0423EEC}.Release|Win32.Build.0 = Release|Win32
		{350302AA-1DBE-4425-8B10-47C8D0423EEC}.Release|x64.ActiveCfg = Release|x64
		{350302AA-1DBE-4425-8B10-47C8D0423EEC}.Release|x64.Build.0 = Release|x64
		{F0E9BBF3-AE29-4CE3-B2E3-A509D832D9B5}.Debug|Win32.ActiveCfg = Debug|Win32
		{F0E9BBF3-AE29-4CE3-B2E3-A509D832D9B5}.Debug|Win32.Build.0 = Debug|Win32
		{F0E9BBF3-AE29-4CE3-B2E3-A509D832D9B5}.Debug|x64.ActiveCfg = Debug|x64
		{F0E9BBF3-AE29-4CE3-B2E3-A509D832D9B5}.Debug|x64.Build.0 = Debug|x64
		{F0E9BBF3-AE29-4CE3-B2E3-A509D832D9B5}.Release|Win32.ActiveCfg = Release|Win32
		{F0E9BBF3-AE29-4CE3-B2E3-A509D832D9B5}.Release|Win32.Build.0 = Release|Win32
		{F0E9BBF3-AE29-4CE3-B2E3-A509D832D9B5}.Release|x64.ActiveCfg = Release|x64
		{F0E9BBF3-AE29-4CE3-B2E3-A509D832D9B5}.Release|x64.Build.0 = Release|x64
		{4677AB9E-0A72-472B-A41B-196920CBBC79}.Debug|Win32.ActiveCfg = Debug|Win32
		{4677AB9E-0A72-472B-A41B-196920CBBC79}.Debug|Win32.Build.0 = Debug|Win32
		{4677AB9E-0A72-472B-A41B-196920CBBC79}.Debug|x64.ActiveCfg = Debug|x64
		{4677AB9E-0A72-472B-A41B-196920CBBC79}.Debug|x64.Build.0 = Debug|x64
		{4677AB9E-0A72-472B-A41B-196920CBBC79}.Release|Win32.ActiveCfg = Release|Win32
		{4677AB9E-0A72-472B-A41B-196920CBBC79}.Release|Win32.Build.0 = Release|Win32
		{4677AB9E-0A72-472B-A41B-196920CBBC79}.Release|x64.ActiveCfg = Release|x64
		{4677AB9E-0A72-472B-A41B-196920CBBC79}.Release|x64.Build.0 = Release|x64
		{ED213797-22E5-4B35-903F-E18511D137DA}.Debug|Win32.ActiveCfg = Debug|Win32
		{ED213797-22E5-4B35-903F-E18511D137DA}.Debug|Win32.Build.0 = Debug|Win32
		{ED213797-22E5-4B35-903F-E18511D137DA}.Debug|x64.ActiveCfg = Debug|x64
		{ED213797-22E5-4B35-903F-E18511D137DA}.Debug|x64.Build.0 = Debug|x64
		{ED213797-22E5-4B35-903F-E18511D137DA}.Release|Win32.ActiveCfg = Release|Win32
		{ED213797-22E5-4B35-903F-E18511D137DA}.Release|Win32.Build.0 = Release|Win32
		{ED213797-22E5-4B35-903F-E18511D137DA}.Release|x64.ActiveCfg = Release|x64
		{ED213797-22E5-4B35-903F-E18511D137DA}.Release|x64.Build.0 = Release|x64
		{5F82BF85-EDED-478A-B3C9-ED1975F90B6F}.Debug|Win32.ActiveCfg = Debug|Win32
		{5F82BF85-EDED-478A-B3C9-ED1975F90B6F}.Debug|Win32.Build.0 = Debug|Win32
		{5F82BF85-EDED-478A-B3C9-ED1975F90B6F}.Debug|x64.ActiveCfg = Debug|x64
		{5F82BF85-EDED-478A-B3C9-ED1975F90B6F}.Debug|x64.Build.0 = Debug|x64
		{5F82BF85-EDED-478A-B3C9-ED1975F90B6F}.Release|Win32.ActiveCfg = Release|Win32
		{5F82BF85-EDED-478A-B3C9-ED1975F90B6F}.Release|Win32.Build.0 = Release|Win32
		{5F82BF85-EDED-478A-B3C9-ED1975F90B6F}.Release|x64.ActiveCfg = Release|x64
		{5F82BF85-EDED-478A-B3C9-ED1975F90B6F}.Release|x64.Build.0 = Release|x64
		{EA5EC09A-A51D-4BD2-844A-D1941D4C0F72}.Debug|Win32.ActiveCfg = Debug|Win32
		{EA5EC09A-A51D-4BD2-844A-D1941D4C0F72}.Debug|Win32.Build.0 = Debug|Win32
		{EA5EC09A-A51D-4BD2-844A-D1941D4C0F72}.Debug|x64.ActiveCfg = Debug|x64
		{EA5EC09A-A51D-4BD2-844A-D1941D4C0F72}.Debug|x64.Build.0 = Debug|x64
		{EA5EC09A-A51D-4BD2-844A-D1941D4C0F72}.Release|Win32.ActiveCfg = Release|Win32
		{EA5EC09A-A51D-4BD2-844A-D1941D4C0F72}.Release|Win32.Build.0 = Release|Win32
		{EA5EC09A-A51D-4BD2-844A-D1941D4C0F72}.Release|x64.ActiveCfg = Release|x64
		{EA5EC09A-A51D-4BD2-844A-D1941D4C0F72}.Release|x64.Build.0 = Release|x64
		{CED8A1EC-2C1C-4A0F-AAFD-253C4E6933B5}.Debug|Win32.ActiveCfg = Debug|Win32
		{CED8A1EC-2C1C-4A0F-AAFD-253C4E6933B5}.Debug|Win32.Build.0 = Debug|Win32
		{CED8A1EC-2C1C-4A0F-AAFD-253C4E6933B5}.Debug|x64.ActiveCfg = Debug|x64
		{CED8A1EC-2C1C-4A0F-AAFD-253C4E6933B5}.Debug|x64.Build.0 = Debug|x64
		{CED8A1EC-2C1C-4A0F-AAFD-253C4E6933B5}.Release|Win32.ActiveCfg = Release|Win32
		{CED8A1EC-2C1C-4A0F-AAFD-253C4E6933B5}.Release|Win32.Build.0 = Release|Win32
		{CED8A1EC-2C1C-4A0F-AAFD-253C4E6933B5}.Release|x64.ActiveCfg = Release|x64
		{CED8A1EC-2C1C-4A0F-AAFD-253C4E6933B5}.Release|x64.Build.0 = Release|x64
		{3F9742EB-8600-4A1A-822E-DBED6BEB1AAD}.Debug|Win32.ActiveCfg = Debug|Win32
		{3F9742EB-8600-4A1A-822E-DBED6BEB1AAD}.Debug|Win32.Build.0 = Debug|Win32
		{3F9742EB-8600-4A1A-822E-DBED6BEB1AAD}.Debug|x64.ActiveCfg = Debug|x64
		{3F9742EB-8600-4A1A-822E-DBED6BEB1AAD}.Debug|x64.Build.0 = Debug|x64
		{3F9742EB-8600-4A1A-822E-DBED6BEB1AAD}.Release|Win32.ActiveCfg = Release|Win32
		{3F9742EB-8600-4A1A-822E-DBED6BEB1AAD}.Release|Win32.Build.0 = Release|Win32
		{3F9742EB-8600-4A1A-822E-DBED6BEB1AAD}.Release|x64.ActiveCfg = Release|x64
		{3F9742EB-8600-4A1A-822E-DBED6BEB1AAD}.Release|x64.Build.0 = Release|x64
		{10914E89-A90B-44ED-A316-93807DFF6588}.Debug|Win32.ActiveCfg = Debug|Win32
		{10914E89-A90B-44ED-A316-93807DFF6588}.Debug|Win32.Build.0 = Debug|Win32
		{10914E89-A90B-44ED-A316-93807DFF6588}.Debug|x64.ActiveCfg = Debug|x64
		{10914E89-A90B-44ED-A316-93807DFF6588}.Debug|x64.Build.0 = Debug|x64
		{10914E89-A90B-44ED-A316-93807DFF6588}.Release|Win32.ActiveCfg = Release|Win32
		{10914E89-A90B-44ED-A316-93807DFF6588}.Release|Win32.Build.0 = Release|Win32
		{10914E89-A90B-44ED-A316-93807DFF6588}.Release|x64.ActiveCfg = Release|x64
		{10914E89-A90B-44ED-A316-93807DFF6588}.Release|x64.Build.0 = Release|x64
		{9A0AC220-38BE-4509-A118-AED58284B9B5}.Debug|Win32.ActiveCfg = Debug|Win32
		{9A0AC220-38BE-4509-A118-AED58284B9B5}.Debug|Win32.Build.0 = Debug|Win32
		{9A0AC220-38BE-4509-A118-AED58284B9B5}.Debug|x64.ActiveCfg = Debug|x64
		{9A0AC220-38BE-4509-A118-AED58284B9B5}.Debug|x64.Build.0 = Debug|x64
		{9A0AC220-38BE-4509-A118-AED58284B9B5}.Release|Win32.ActiveCfg = Release|Win32
		{9A0AC220-38BE-4509-A118-AED58284B9B5}.Release|Win32.Build.0 = Release|Win32
		{9A0AC220-38BE-4509-A118-AED58284B9B5}.Release|x64.ActiveCfg = Release|x64
		{9A0AC220-38BE-4509-A118-AED58284B9B5}.Release|x64.Build.0 = Release|x64
		{69CEB299-7F50-4E49-A72E-A9EDCE3805F6}.Debug|Win32.ActiveCfg = Debug|Win32
		{69CEB299-7F50-4E49-A72E-A9EDCE3805F6}.Debug|Win32.Build.0 = Debug|Win32
		{69CEB299-7F50-4E49-A72E-A9EDCE3805F6}.Debug|x64.ActiveCfg = Debug|x64
		{69CEB299-7F50-4E49-A72E-A9EDCE3805F6}.Debug|x64.Build.0 = Debug|x64
		{69CEB299-7F50-4E49-A72E-A9EDCE3805F6}.Release|Win32.ActiveCfg = Release|Win32
		{69CEB299-7F50-4E49-A72E-A9EDCE3805F6}.Release|Win32.Build.0 = Release|Win32
		{69CEB299-7F50-4E49-A72E-A9EDCE3805F6}.Release|x64.ActiveCfg = Release|x64
		{69CEB299-7F50-4E49-A72E-A9EDCE3805F6}.Release|x64.Build.0 = Release|x64
		{698AB558-D09D-4E92-B0BD-727E0C99387E}.Debug|Win32.ActiveCfg = Debug|Win32
		{698AB558-D09D-4E92-B0BD-727E0C99387E}.Debug|Win32.Build.0 = Debug|Win32
		{698AB558-D09D-4E92-B0BD-727E0C99387E}.Debug|x64.ActiveCfg = Debug|x64
		{698AB558-D09D-4E92-B0BD-727E0C99387E}.Debug|x64.Build.0 = Debug|x64
		{698AB558-D09D-4E92-B0BD-727E0C99387E}.Release|Win32.ActiveCfg = Release|Win32
		{698AB558-D09D-4E92-B0BD-727E0C99387E}.Release|Win32.Build.0 = Release|Win32
		{698AB558-D09D-4E92-B0BD-727E0C99387E}.Release|x64.ActiveCfg = Release|x64
		{698AB558-D09D-4E92-B0BD-727E0C99387E}.Release|x64.Build.0 = Release|x64
		{F9960B61-EE73-404A-ACEE-1F553EFA8087}.Debug|Win32.ActiveCfg = Debug|Win32
		{F9960B61-EE73-404A-ACEE-1F553EFA8087}.Debug|Win32.Build.0 = Debug|Win32
		{F9960B61-EE73-404A-ACEE-1F553EFA8087}.Debug|x64.ActiveCfg = Debug|x64
		{F9960B61-EE73-404A-ACEE-1F553EFA8087}.Debug|x64.Build.0 = Debug|x64
		{F9960B61-EE73-404A-ACEE-1F553EFA8087}.Release|Win32.ActiveCfg = Release|Win32
		{F9960B61-EE73-404A-ACEE-1F553EFA8087}.Release|Win32.Build.0 = Release|Win32
		{F9960B61-EE73-404A-ACEE-1F553EFA8087}.Release|x64.ActiveCfg = Release|x64
		{F9960B61-EE73-404A-ACEE-1F553EFA8087}.Release|x64.Build.0 = Release|x64
		{F0E88C11-1861-4C59-B1F1-193013989EC8}.Debug|Win32.ActiveCfg = Debug|Win32
		{F0E88C11-1861-4C59-B1F1-193013989EC8}.Debug|Win32.Build.0 = Debug|Win32
		{F0E88C11-1861-4C59-B1F1-193013989EC8}.Debug|x64.ActiveCfg = Debug|x64
		{F0E88C11-1861-4C59-B1F1-193013989EC8}.Debug|x64.Build.0 = Debug|x64
		{F0E88C11-1861-4C59-B1F1-193013989EC8}.Release|Win32.ActiveCfg = Release|Win32
		{F0E88C11-1861-4C59-B1F1-193013989EC8}.Release|Win32.Build.0 = Release|Win32
		{F0E88C11-1861-4C59-B1F1-193013989EC8}.Release|x64.ActiveCfg = Release|x64
		{F0E88C11-1861-4C59-B1F1-193013989EC8}.Release|x64.Build.0 = Release|x64
		{992BF8AF-B00C-4535-B048-D826C8E56EA5}.Debug|Win32.ActiveCfg = Debug|Win32
		{992BF8AF-B00C-4535-B048-D826C8E56EA5}.Debug|Win32.Build.0 = Debug|Win32
		{992BF8AF-B00C-4535-B048-D826C8E56EA5}.Debug|x64.ActiveCfg = Debug|x64
		{992BF8AF-B00C-4535-B048-D826C8E56EA5}.Debug|x64.Build.0 = Debug|x64
		{992BF8AF-B00C-4535-B048-D826C8E56EA5}.Release|Win32.ActiveCfg = Release|Win32
		{992BF8AF-B00C-4535-B048-D826C8E56EA5}.Release|Win32.Build.0 = Release|Win32
		{992BF8AF-B00C-4535-B048-D826C8E56EA5}.Release|x64.ActiveCfg = Release|x64
		{992BF8AF-B00C-4535-B048-D826C8E56EA5}.Release|x64.Build.0 = Release|x64
		{3888A1A5-54B3-4D46-942F-D66670421D7B}.Debug|Win32.ActiveCfg = Debug|Win32
		{3888A1A5-54B3-4D46-942F-D66670421D7B}.Debug|Win32.Build.0 = Debug|Win32
		{3888A1A5-54B3-4D46-942F-D66670421D7B}.Debug|x64.ActiveCfg = Debug|x64
		{3888A1A5-54B3-4D46-942F-D66670421D7B}.Debug|x64.Build.0 = Debug|x64
		{3888A1A5-54B3-4D46-942F-D66670421D7B}.Release|Win32.ActiveCfg = Release|Win32
		{3888A1A5-54B3-4D46-942F-D66670421D7B}.Release|Win32.Build.0 = Release|Win32
		{3888A1A5-54B3-4D46-942F-D66670421D7B}.Release|x64.ActiveCfg = Release|x64
		{3888A1A5-54B3-4D46-942F-D66670421D7B}.Release|x64.Build.0 = Release|x64
		{159E00FC-A41B-45A3-865C-9D8AD1009911}.Debug|Win32.ActiveCfg = Debug|Win32
		{159E00FC-A41B-45A3-865C-9D8AD1009911}.Debug|Win32.Build.0 = Debug|Win32
		{159E00FC-A41B-45A3-865C-9D8AD1009911}.Debug|x64.ActiveCfg = Debug|x64
		{159E00FC-A41B-45A3-865C-9D8AD1009911}.Debug|x64.Build.0 = Debug|x64
		{159E00FC-A41B-45A3-865C-9D8AD1009911}.Release|Win32.ActiveCfg = Release|Win32
		{159E00FC-A41B-45A3-865C-9D8AD1009911}.Release|Win32.Build.0 = Release|Win32
		{159E00FC-A41B-45A3-865C-9D8AD1009911}.Release|x64.ActiveCfg = Release|x64
		{159E00FC-A41B-45A3-865C-9D8AD1009911}.Release|x64.Build.0 = Release|x64
		{D96B8AA3-168E-47C4-B676-866BA74EF9DF}.Debug|Win32.ActiveCfg = Debug|Win32
		{D96B8AA3-168E-47C4-B676-866BA74EF9DF}.Debug|Win32.Build.0 = Debug|Win32
		{D96B8AA3-168E-47C4-B676-866BA74EF9DF}.Debug|x64.ActiveCfg = Debug|x64
		{D96B8AA3-168E-47C4-B676-866BA74EF9DF}.Debug|x64.Build.0 = Debug|x64
		{D96B8AA3-168E-47C4-B676-866BA74EF9DF}.Release|Win32.ActiveCfg = Release|Win32
		{D96B8AA3-168E-47C4-B676-866BA74EF9DF}.Release|Win32.Build.0 = Release|Win32
		{D96B8AA3-168E-47C4-B676-866BA74EF9DF}.Release|x64.ActiveCfg = Release|x64
		{D96B8AA3-168E-47C4-B676-866BA74EF9DF}.Release|x64.Build.0 = Release|x64
		{5344F9D7-375C-4739-856C-F66D04D18876}.Debug|Win32.ActiveCfg = Debug|Win32
		{5344F9D7-375C-4739-856C-F66D04D18876}.Debug|Win32.Build.0 = Debug|Win32
		{5344F9D7-375C-4739-856C-F66D04D18876}.Debug|x64.ActiveCfg = Debug|x64
		{5344F9D7-375C-4739-856C-F66D04D18876}.Debug|x64.Build.0 = Debug|x64
		{5344F9D7-375C-4739-856C-F66D04D18876}.Release|Win32.ActiveCfg = Release|Win32
		{5344F9D7-375C-4739-856C-F66D04D18876}.Release|Win32.Build.0 = Release|Win32
		{5344F9D7-375C-4739-856C-F66D04D18876}.Release|x64.ActiveCfg = Release|x64
		{5344F9D7-375C-4739-856C-F66D04D18876}.Release|x64.Build.0 = Release|x64
		{BD31DE21-9D98-4326-B57F-52F3BEBE4623}.Debug|Win32.ActiveCfg = Debug|Win32
		{BD31DE21-9D98-4326-B57F-52F3BEBE4623}.Debug|Win32.Build.0 = Debug|Win32
		{BD31DE21-9D98-4326-B57F-52F3BEBE4623}.Debug|x64.ActiveCfg = Debug|x64
		{BD31DE21-9D98-4326-B57F-52F3BEBE4623}.Debug|x64.Build.0 = Debug|x64
		{BD31DE21-9D98-4326-B57F-52F3BEBE4623}.Release|Win32.ActiveCfg = Release|Win32
		{BD31DE21-9D98-4326-B57F-52F3BEBE4623}.Release|Win32.Build.0 = Release|Win32
		{BD31DE21-9D98-4326-B57F-52F3BEBE4623}.Release|x64.ActiveCfg = Release|x64
		{BD31DE21-9D98-4326-B57F-52F3BEBE4623}.Release|x64.Build.0 = Release|x64
		{D7AD3802-5363-4FF1-8D51-03C5184EFB31}.Debug|Win32.ActiveCfg = Debug|Win32
		{D7AD3802-5363-4FF1-8D51-03C5184EFB31}.Debug|Win32.Build.0 = Debug|Win32
		{D7AD3802-5363-4FF1-8D51-03C5184EFB31}.Debug|x64.ActiveCfg = Debug|x64
		{D7AD3802-5363-4FF1-8D51-03C5184EFB31}.Debug|x64.Build.0 = Debug|x64
		{D7AD3802-5363-4FF1-8D51-03C5184EFB31}.Release|Win32.ActiveCfg = Release|Win32
		{D7AD3802-5363-4FF1-8D51-03C5184EFB31}.Release|Win32.Build.0 = Release|Win32
		{D7AD3802-5363-4FF1-8D51-03C5184EFB31}.Release|x64.ActiveCfg = Release|x64
		{D7AD3802-5363-4FF1-8D51-03C5184EFB31}.Release|x64.Build.0 = Release|x64
	EndGlobalSection
	GlobalSection(SolutionProperties) = preSolution
		HideSolutionNode = FALSE
	EndGlobalSection
EndGlobal
