<?xml version="1.0" encoding="utf-8"?>
<Project ToolsVersion="4.0" xmlns="http://schemas.microsoft.com/developer/msbuild/2003">
  <ItemGroup>
    <ClInclude Include="KeyboardHandler.h" />
    <ClInclude Include="MouseHandler.h" />
    <ClInclude Include="JoystickHandler.h" />
    <ClInclude Include="IController.h" />
    <ClInclude Include="MouseController.h" />
    <ClInclude Include="JoystickController.h" />
    <ClInclude Include="KeyboardController.h" />
    <ClInclude Include="IControlScheme.h" />
  </ItemGroup>
  <ItemGroup>
    <ClCompile Include="KeyboardHandler.cpp" />
    <ClCompile Include="MouseHandler.cpp" />
    <ClCompile Include="JoystickHandler.cpp" />
    <ClCompile Include="MouseController.cpp" />
    <ClCompile Include="JoystickController.cpp" />
    <ClCompile Include="KeyboardController.cpp" />
    <ClCompile Include="IControlScheme.cpp" />
  </ItemGroup>
</Project>