<?xml version="1.0" encoding="utf-8"?>
<Project ToolsVersion="4.0" xmlns="http://schemas.microsoft.com/developer/msbuild/2003">
  <ItemGroup>
    <ClCompile Include="Entity.cpp" />
    <ClCompile Include="SUVAT.cpp" />
    <ClCompile Include="Integration.cpp" />
    <ClCompile Include="Timer.cpp" />
  </ItemGroup>
  <ItemGroup>
    <ClInclude Include="Entity.h" />
    <ClInclude Include="SUVAT.h" />
    <ClInclude Include="Integration.h" />
    <ClInclude Include="Timer.h" />
  </ItemGroup>
</Project>