<?xml version="1.0" encoding="utf-8"?>
<Project ToolsVersion="4.0" xmlns="http://schemas.microsoft.com/developer/msbuild/2003">
  <ItemGroup>
    <ClCompile Include="Entity.cpp" />
    <ClCompile Include="SUVAT.cpp" />
    <ClCompile Include="Timer.cpp" />
    <ClCompile Include="SphericalEntity.cpp" />
    <ClCompile Include="PlanarEntity.cpp" />
    <ClCompile Include="InterfaceDetection.cpp" />
    <ClCompile Include="InterfaceResolution.cpp" />
    <ClCompile Include="PhysicsSimulation.cpp" />
  </ItemGroup>
  <ItemGroup>
    <ClInclude Include="Entity.h" />
    <ClInclude Include="SUVAT.h" />
    <ClInclude Include="Integration.h" />
    <ClInclude Include="Timer.h" />
    <ClInclude Include="SphericalEntity.h" />
    <ClInclude Include="PlanarEntity.h" />
    <ClInclude Include="InterfaceDetection.h" />
    <ClInclude Include="InterfaceResolution.h" />
    <ClInclude Include="InterfaceDef.h" />
    <ClInclude Include="PhysicsSimulation.h" />
  </ItemGroup>
</Project>