<?xml version="1.0" encoding="utf-8"?>
<Project ToolsVersion="4.0" xmlns="http://schemas.microsoft.com/developer/msbuild/2003">
  <ItemGroup>
    <ClCompile Include="main.cpp" />
    <ClCompile Include="DemoGame.cpp" />
    <ClCompile Include="OptionsMenu.cpp" />
    <ClCompile Include="Aircraft.cpp" />
    <ClCompile Include="StickIndicator.cpp" />
  </ItemGroup>
  <ItemGroup>
    <ClInclude Include="DemoGame.h" />
    <ClInclude Include="KMSimulatorControls.h" />
    <ClInclude Include="controls.h" />
    <ClInclude Include="KJSSimulatorControls.h" />
    <ClInclude Include="OptionsMenu.h" />
    <ClInclude Include="Aircraft.h" />
    <ClInclude Include="StickIndicator.h" />
  </ItemGroup>
</Project>