<?xml version="1.0" encoding="utf-8"?>
<Project ToolsVersion="4.0" xmlns="http://schemas.microsoft.com/developer/msbuild/2003">
  <ItemGroup>
    <ClCompile Include="main.cpp" />
    <ClCompile Include="Aircraft.cpp" />
    <ClCompile Include="FlightSimGame.cpp" />
    <ClCompile Include="OptionsMenu.cpp" />
    <ClCompile Include="StickIndicator.cpp" />
    <ClCompile Include="TelemetryValueIndicator.cpp" />
    <ClCompile Include="SerialPort.cpp" />
  </ItemGroup>
  <ItemGroup>
    <ClInclude Include="Aircraft.h" />
    <ClInclude Include="controls.h" />
    <ClInclude Include="FlightSimGame.h" />
    <ClInclude Include="KJSSimulatorControls.h" />
    <ClInclude Include="KMSimulatorControls.h" />
    <ClInclude Include="OptionsMenu.h" />
    <ClInclude Include="SimulatorControls.h" />
    <ClInclude Include="StickIndicator.h" />
    <ClInclude Include="TelemetryValueIndicator.h" />
    <ClInclude Include="SerialPort.h" />
  </ItemGroup>
</Project>