<?xml version="1.0" encoding="utf-8"?>
<Project ToolsVersion="4.0" xmlns="http://schemas.microsoft.com/developer/msbuild/2003">
  <ItemGroup>
    <ClCompile Include="main.cpp" />
    <ClCompile Include="Aircraft.cpp" />
    <ClCompile Include="FlightSimGame.cpp" />
    <ClCompile Include="SerialPort.cpp">
      <Filter>Telemetry</Filter>
    </ClCompile>
    <ClCompile Include="StickIndicator.cpp">
      <Filter>Graphical</Filter>
    </ClCompile>
    <ClCompile Include="TelemetryValueIndicator.cpp">
      <Filter>Graphical</Filter>
    </ClCompile>
    <ClCompile Include="OptionsMenu.cpp">
      <Filter>Controls</Filter>
    </ClCompile>
    <ClCompile Include="FrSkySPORTBridgeTelemetry.cpp">
      <Filter>Telemetry</Filter>
    </ClCompile>
    <ClCompile Include="OnScreenTelemetry.cpp">
      <Filter>Telemetry</Filter>
    </ClCompile>
  </ItemGroup>
  <ItemGroup>
    <ClInclude Include="Aircraft.h" />
    <ClInclude Include="FlightSimGame.h" />
    <ClInclude Include="SimulatorControls.h">
      <Filter>Controls</Filter>
    </ClInclude>
    <ClInclude Include="controls.h">
      <Filter>Controls</Filter>
    </ClInclude>
    <ClInclude Include="KJSSimulatorControls.h">
      <Filter>Controls</Filter>
    </ClInclude>
    <ClInclude Include="KMSimulatorControls.h">
      <Filter>Controls</Filter>
    </ClInclude>
    <ClInclude Include="SerialPort.h">
      <Filter>Telemetry</Filter>
    </ClInclude>
    <ClInclude Include="StickIndicator.h">
      <Filter>Graphical</Filter>
    </ClInclude>
    <ClInclude Include="TelemetryValueIndicator.h">
      <Filter>Graphical</Filter>
    </ClInclude>
    <ClInclude Include="OptionsMenu.h">
      <Filter>Controls</Filter>
    </ClInclude>
    <ClInclude Include="ITelemetryProtocol.h">
      <Filter>Telemetry</Filter>
    </ClInclude>
    <ClInclude Include="FrSkySPORTBridgeTelemetry.h">
      <Filter>Telemetry</Filter>
    </ClInclude>
    <ClInclude Include="OnScreenTelemetry.h">
      <Filter>Telemetry</Filter>
    </ClInclude>
  </ItemGroup>
  <ItemGroup>
    <Filter Include="Controls">
      <UniqueIdentifier>{d434ee4b-60bf-42fa-9fee-df681b7c2db0}</UniqueIdentifier>
    </Filter>
    <Filter Include="Telemetry">
      <UniqueIdentifier>{960f723e-031b-4349-8982-aa31b0c39d27}</UniqueIdentifier>
    </Filter>
    <Filter Include="Graphical">
      <UniqueIdentifier>{d5f900da-cb66-4f2f-8c07-2ca957aeab41}</UniqueIdentifier>
    </Filter>
  </ItemGroup>
</Project>