<?xml version="1.0" encoding="utf-8"?>
<Project ToolsVersion="4.0" xmlns="http://schemas.microsoft.com/developer/msbuild/2003">
  <ItemGroup>
    <ClCompile Include="Texture.cpp" />
    <ClCompile Include="ModelLoader.cpp" />
    <ClCompile Include="GraphicalScene.cpp" />
    <ClCompile Include="Alignment.cpp" />
    <ClCompile Include="HeightmapMesh.cpp">
      <Filter>Meshes</Filter>
    </ClCompile>
    <ClCompile Include="LineMesh.cpp">
      <Filter>Meshes</Filter>
    </ClCompile>
    <ClCompile Include="Mesh.cpp">
      <Filter>Meshes</Filter>
    </ClCompile>
    <ClCompile Include="PlaneMesh.cpp">
      <Filter>Meshes</Filter>
    </ClCompile>
    <ClCompile Include="RectangleMesh.cpp">
      <Filter>Meshes</Filter>
    </ClCompile>
    <ClCompile Include="SphericalMesh.cpp">
      <Filter>Meshes</Filter>
    </ClCompile>
    <ClCompile Include="Shader.cpp">
      <Filter>Shaders</Filter>
    </ClCompile>
    <ClCompile Include="ShaderProgram.cpp">
      <Filter>Shaders</Filter>
    </ClCompile>
    <ClCompile Include="TextPane.cpp">
      <Filter>Objects</Filter>
    </ClCompile>
    <ClCompile Include="RenderableObject.cpp">
      <Filter>Objects</Filter>
    </ClCompile>
    <ClCompile Include="Light.cpp">
      <Filter>Objects</Filter>
    </ClCompile>
    <ClCompile Include="Camera.cpp">
      <Filter>Objects</Filter>
    </ClCompile>
  </ItemGroup>
  <ItemGroup>
    <ClInclude Include="Texture.h" />
    <ClInclude Include="Colour.h" />
    <ClInclude Include="ModelLoader.h" />
    <ClInclude Include="GraphicalScene.h" />
    <ClInclude Include="Alignment.h" />
    <ClInclude Include="HeightmapMesh.h">
      <Filter>Meshes</Filter>
    </ClInclude>
    <ClInclude Include="LineMesh.h">
      <Filter>Meshes</Filter>
    </ClInclude>
    <ClInclude Include="Mesh.h">
      <Filter>Meshes</Filter>
    </ClInclude>
    <ClInclude Include="PlaneMesh.h">
      <Filter>Meshes</Filter>
    </ClInclude>
    <ClInclude Include="RectangleMesh.h">
      <Filter>Meshes</Filter>
    </ClInclude>
    <ClInclude Include="SphericalMesh.h">
      <Filter>Meshes</Filter>
    </ClInclude>
    <ClInclude Include="Shader.h">
      <Filter>Shaders</Filter>
    </ClInclude>
    <ClInclude Include="ShaderProgram.h">
      <Filter>Shaders</Filter>
    </ClInclude>
    <ClInclude Include="Shaders.h">
      <Filter>Shaders</Filter>
    </ClInclude>
    <ClInclude Include="TextPane.h">
      <Filter>Objects</Filter>
    </ClInclude>
    <ClInclude Include="RenderableObject.h">
      <Filter>Objects</Filter>
    </ClInclude>
    <ClInclude Include="Light.h">
      <Filter>Objects</Filter>
    </ClInclude>
    <ClInclude Include="Camera.h">
      <Filter>Objects</Filter>
    </ClInclude>
  </ItemGroup>
  <ItemGroup>
    <Filter Include="Meshes">
      <UniqueIdentifier>{17983fe9-d09c-4d77-acac-6b5d27387b9a}</UniqueIdentifier>
    </Filter>
    <Filter Include="Shaders">
      <UniqueIdentifier>{4d868276-733c-43dc-b10c-54d5c8c6664c}</UniqueIdentifier>
    </Filter>
    <Filter Include="Objects">
      <UniqueIdentifier>{8885c8d2-388e-43f1-8c37-e3f787642e95}</UniqueIdentifier>
    </Filter>
  </ItemGroup>
</Project>